
Microsoft Visual Studio Solution File, Format Version 12.00
# Visual Studio Version 16
VisualStudioVersion = 16.0.30114.105
MinimumVisualStudioVersion = 10.0.40219.1
Project("{FAE04EC0-301F-11D3-BF4B-00C04F79EFBC}") = "BlazorWinForms.1", "BlazorWinForms.1\BlazorWinForms.1.csproj", "{BFE86658-D849-4D16-9254-B6375A7C11E5}"
EndProject
Project("{FAE04EC0-301F-11D3-BF4B-00C04F79EFBC}") = "BlazorWinForms.1.RazorLib", "BlazorWinForms.1.RazorLib\BlazorWinForms.1.RazorLib.csproj", "{C94ED45B-38CD-4ACB-B35D-71D65C816C27}"
EndProject
Global
	GlobalSection(SolutionConfigurationPlatforms) = preSolution
		Debug|Any CPU = Debug|Any CPU
		Release|Any CPU = Release|Any CPU
	EndGlobalSection
	GlobalSection(SolutionProperties) = preSolution
		HideSolutionNode = FALSE
	EndGlobalSection
	GlobalSection(ProjectConfigurationPlatforms) = postSolution
		{BFE86658-D849-4D16-9254-B6375A7C11E5}.Debug|Any CPU.ActiveCfg = Debug|Any CPU
		{BFE86658-D849-4D16-9254-B6375A7C11E5}.Debug|Any CPU.Build.0 = Debug|Any CPU
		{BFE86658-D849-4D16-9254-B6375A7C11E5}.Release|Any CPU.ActiveCfg = Release|Any CPU
		{BFE86658-D849-4D16-9254-B6375A7C11E5}.Release|Any CPU.Build.0 = Release|Any CPU
		{C94ED45B-38CD-4ACB-B35D-71D65C816C27}.Debug|Any CPU.ActiveCfg = Debug|Any CPU
		{C94ED45B-38CD-4ACB-B35D-71D65C816C27}.Debug|Any CPU.Build.0 = Debug|Any CPU
		{C94ED45B-38CD-4ACB-B35D-71D65C816C27}.Release|Any CPU.ActiveCfg = Release|Any CPU
		{C94ED45B-38CD-4ACB-B35D-71D65C816C27}.Release|Any CPU.Build.0 = Release|Any CPU
	EndGlobalSection
EndGlobal
