
Microsoft Visual Studio Solution File, Format Version 12.00
# Visual Studio Version 17
VisualStudioVersion = 17.2.32210.308
MinimumVisualStudioVersion = 10.0.40219.1
Project("{FAE04EC0-301F-11D3-BF4B-00C04F79EFBC}") = "BlazorTemplates", "BlazorTemplates\BlazorTemplates.csproj", "{4C67E684-6AA3-46D5-A05C-41B69783A298}"
EndProject
Global
	GlobalSection(SolutionConfigurationPlatforms) = preSolution
		Debug|Any CPU = Debug|Any CPU
		Debug|x86 = Debug|x86
		Release|Any CPU = Release|Any CPU
		Release|x86 = Release|x86
	EndGlobalSection
	GlobalSection(ProjectConfigurationPlatforms) = postSolution
		{4C67E684-6AA3-46D5-A05C-41B69783A298}.Debug|Any CPU.ActiveCfg = Debug|Any CPU
		{4C67E684-6AA3-46D5-A05C-41B69783A298}.Debug|Any CPU.Build.0 = Debug|Any CPU
		{4C67E684-6AA3-46D5-A05C-41B69783A298}.Debug|x86.ActiveCfg = Debug|x86
		{4C67E684-6AA3-46D5-A05C-41B69783A298}.Debug|x86.Build.0 = Debug|x86
		{4C67E684-6AA3-46D5-A05C-41B69783A298}.Release|Any CPU.ActiveCfg = Release|Any CPU
		{4C67E684-6AA3-46D5-A05C-41B69783A298}.Release|Any CPU.Build.0 = Release|Any CPU
		{4C67E684-6AA3-46D5-A05C-41B69783A298}.Release|x86.ActiveCfg = Release|x86
		{4C67E684-6AA3-46D5-A05C-41B69783A298}.Release|x86.Build.0 = Release|x86
	EndGlobalSection
	GlobalSection(SolutionProperties) = preSolution
		HideSolutionNode = FALSE
	EndGlobalSection
	GlobalSection(ExtensibilityGlobals) = postSolution
		SolutionGuid = {F59ED238-0ABD-4BBB-B289-25070DD06410}
	EndGlobalSection
EndGlobal
